// !$*UTF8*$!
{
	archiveVersion = 1;
	classes = {
	};
	objectVersion = 46;
	objects = {

/* Begin PBXBuildFile section */
		90CE6C761733F2BA00C9797F /* GentEvent.m in Sources */ = {isa = PBXBuildFile; fileRef = 90CE6C751733F2BA00C9797F /* GentEvent.m */; };
		90CE6C791733F44900C9797F /* Contact.m in Sources */ = {isa = PBXBuildFile; fileRef = 90CE6C781733F44900C9797F /* Contact.m */; };
		E52FBB241731615100812A05 /* UIKit.framework in Frameworks */ = {isa = PBXBuildFile; fileRef = E52FBB231731615100812A05 /* UIKit.framework */; };
		E52FBB261731615100812A05 /* Foundation.framework in Frameworks */ = {isa = PBXBuildFile; fileRef = E52FBB251731615100812A05 /* Foundation.framework */; };
		E52FBB281731615100812A05 /* CoreGraphics.framework in Frameworks */ = {isa = PBXBuildFile; fileRef = E52FBB271731615100812A05 /* CoreGraphics.framework */; };
		E52FBB2E1731615100812A05 /* InfoPlist.strings in Resources */ = {isa = PBXBuildFile; fileRef = E52FBB2C1731615100812A05 /* InfoPlist.strings */; };
		E52FBB301731615100812A05 /* main.m in Sources */ = {isa = PBXBuildFile; fileRef = E52FBB2F1731615100812A05 /* main.m */; };
		E52FBB341731615100812A05 /* AppDelegate.m in Sources */ = {isa = PBXBuildFile; fileRef = E52FBB331731615100812A05 /* AppDelegate.m */; };
		E52FBB361731615100812A05 /* Default.png in Resources */ = {isa = PBXBuildFile; fileRef = E52FBB351731615100812A05 /* Default.png */; };
		E52FBB381731615100812A05 /* Default@2x.png in Resources */ = {isa = PBXBuildFile; fileRef = E52FBB371731615100812A05 /* Default@2x.png */; };
		E52FBB3A1731615100812A05 /* Default-568h@2x.png in Resources */ = {isa = PBXBuildFile; fileRef = E52FBB391731615100812A05 /* Default-568h@2x.png */; };
		E52FBB3D1731615100812A05 /* MainStoryboard.storyboard in Resources */ = {isa = PBXBuildFile; fileRef = E52FBB3B1731615100812A05 /* MainStoryboard.storyboard */; };
		E52FBB401731615100812A05 /* ViewController.m in Sources */ = {isa = PBXBuildFile; fileRef = E52FBB3F1731615100812A05 /* ViewController.m */; };
/* End PBXBuildFile section */

/* Begin PBXFileReference section */
		90CE6C741733F2BA00C9797F /* GentEvent.h */ = {isa = PBXFileReference; fileEncoding = 4; lastKnownFileType = sourcecode.c.h; path = GentEvent.h; sourceTree = "<group>"; };
		90CE6C751733F2BA00C9797F /* GentEvent.m */ = {isa = PBXFileReference; fileEncoding = 4; lastKnownFileType = sourcecode.c.objc; path = GentEvent.m; sourceTree = "<group>"; };
		90CE6C771733F44900C9797F /* Contact.h */ = {isa = PBXFileReference; fileEncoding = 4; lastKnownFileType = sourcecode.c.h; path = Contact.h; sourceTree = "<group>"; };
		90CE6C781733F44900C9797F /* Contact.m */ = {isa = PBXFileReference; fileEncoding = 4; lastKnownFileType = sourcecode.c.objc; path = Contact.m; sourceTree = "<group>"; };
		E52FBB201731615100812A05 /* Hackathon.app */ = {isa = PBXFileReference; explicitFileType = wrapper.application; includeInIndex = 0; path = Hackathon.app; sourceTree = BUILT_PRODUCTS_DIR; };
		E52FBB231731615100812A05 /* UIKit.framework */ = {isa = PBXFileReference; lastKnownFileType = wrapper.framework; name = UIKit.framework; path = System/Library/Frameworks/UIKit.framework; sourceTree = SDKROOT; };
		E52FBB251731615100812A05 /* Foundation.framework */ = {isa = PBXFileReference; lastKnownFileType = wrapper.framework; name = Foundation.framework; path = System/Library/Frameworks/Foundation.framework; sourceTree = SDKROOT; };
		E52FBB271731615100812A05 /* CoreGraphics.framework */ = {isa = PBXFileReference; lastKnownFileType = wrapper.framework; name = CoreGraphics.framework; path = System/Library/Frameworks/CoreGraphics.framework; sourceTree = SDKROOT; };
		E52FBB2B1731615100812A05 /* Hackathon-Info.plist */ = {isa = PBXFileReference; lastKnownFileType = text.plist.xml; path = "Hackathon-Info.plist"; sourceTree = "<group>"; };
		E52FBB2D1731615100812A05 /* en */ = {isa = PBXFileReference; lastKnownFileType = text.plist.strings; name = en; path = en.lproj/InfoPlist.strings; sourceTree = "<group>"; };
		E52FBB2F1731615100812A05 /* main.m */ = {isa = PBXFileReference; lastKnownFileType = sourcecode.c.objc; path = main.m; sourceTree = "<group>"; };
		E52FBB311731615100812A05 /* Hackathon-Prefix.pch */ = {isa = PBXFileReference; lastKnownFileType = sourcecode.c.h; path = "Hackathon-Prefix.pch"; sourceTree = "<group>"; };
		E52FBB321731615100812A05 /* AppDelegate.h */ = {isa = PBXFileReference; lastKnownFileType = sourcecode.c.h; path = AppDelegate.h; sourceTree = "<group>"; };
		E52FBB331731615100812A05 /* AppDelegate.m */ = {isa = PBXFileReference; lastKnownFileType = sourcecode.c.objc; path = AppDelegate.m; sourceTree = "<group>"; };
		E52FBB351731615100812A05 /* Default.png */ = {isa = PBXFileReference; lastKnownFileType = image.png; path = Default.png; sourceTree = "<group>"; };
		E52FBB371731615100812A05 /* Default@2x.png */ = {isa = PBXFileReference; lastKnownFileType = image.png; path = "Default@2x.png"; sourceTree = "<group>"; };
		E52FBB391731615100812A05 /* Default-568h@2x.png */ = {isa = PBXFileReference; lastKnownFileType = image.png; path = "Default-568h@2x.png"; sourceTree = "<group>"; };
		E52FBB3C1731615100812A05 /* en */ = {isa = PBXFileReference; lastKnownFileType = file.storyboard; name = en; path = en.lproj/MainStoryboard.storyboard; sourceTree = "<group>"; };
		E52FBB3E1731615100812A05 /* ViewController.h */ = {isa = PBXFileReference; lastKnownFileType = sourcecode.c.h; path = ViewController.h; sourceTree = "<group>"; };
		E52FBB3F1731615100812A05 /* ViewController.m */ = {isa = PBXFileReference; lastKnownFileType = sourcecode.c.objc; path = ViewController.m; sourceTree = "<group>"; };
/* End PBXFileReference section */

/* Begin PBXFrameworksBuildPhase section */
		E52FBB1D1731615100812A05 /* Frameworks */ = {
			isa = PBXFrameworksBuildPhase;
			buildActionMask = 2147483647;
			files = (
				E52C41DE1733F25700A581B7 /* QuartzCore.framework in Frameworks */,
				E52FBB241731615100812A05 /* UIKit.framework in Frameworks */,
				E52FBB261731615100812A05 /* Foundation.framework in Frameworks */,
				E52FBB281731615100812A05 /* CoreGraphics.framework in Frameworks */,
			);
			runOnlyForDeploymentPostprocessing = 0;
		};
/* End PBXFrameworksBuildPhase section */

/* Begin PBXGroup section */
		90CE6C731733F1EF00C9797F /* Models */ = {
			isa = PBXGroup;
			children = (
				90CE6C741733F2BA00C9797F /* GentEvent.h */,
				90CE6C751733F2BA00C9797F /* GentEvent.m */,
				90CE6C771733F44900C9797F /* Contact.h */,
				90CE6C781733F44900C9797F /* Contact.m */,
			);
			name = Models;
			sourceTree = "<group>";
		};
		E52C41E01733F2A800A581B7 /* JASidePanels */ = {
			isa = PBXGroup;
			children = (
				E52C41E11733F2C400A581B7 /* JASidePanelController.h */,
				E52C41E21733F2C400A581B7 /* JASidePanelController.m */,
				E52C41E41733F33F00A581B7 /* UIViewController+JASidePanel.h */,
				E52C41E51733F33F00A581B7 /* UIViewController+JASidePanel.m */,
			);
			name = JASidePanels;
			sourceTree = "<group>";
		};
		E52FBB171731615100812A05 = {
			isa = PBXGroup;
			children = (
				E52FBB291731615100812A05 /* Hackathon */,
				E52FBB221731615100812A05 /* Frameworks */,
				E52FBB211731615100812A05 /* Products */,
			);
			sourceTree = "<group>";
		};
		E52FBB211731615100812A05 /* Products */ = {
			isa = PBXGroup;
			children = (
				E52FBB201731615100812A05 /* Hackathon.app */,
			);
			name = Products;
			sourceTree = "<group>";
		};
		E52FBB221731615100812A05 /* Frameworks */ = {
			isa = PBXGroup;
			children = (
				E52C41DD1733F25700A581B7 /* QuartzCore.framework */,
				E52FBB231731615100812A05 /* UIKit.framework */,
				E52FBB251731615100812A05 /* Foundation.framework */,
				E52FBB271731615100812A05 /* CoreGraphics.framework */,
			);
			name = Frameworks;
			sourceTree = "<group>";
		};
		E52FBB291731615100812A05 /* Hackathon */ = {
			isa = PBXGroup;
			children = (
				90CE6C731733F1EF00C9797F /* Models */,
				E52FBB321731615100812A05 /* AppDelegate.h */,
				E52FBB331731615100812A05 /* AppDelegate.m */,
				E52FBB3B1731615100812A05 /* MainStoryboard.storyboard */,
				E52FBB3E1731615100812A05 /* ViewController.h */,
				E52FBB3F1731615100812A05 /* ViewController.m */,
				E52FBB2A1731615100812A05 /* Supporting Files */,
			);
			path = Hackathon;
			sourceTree = "<group>";
		};
		E52FBB2A1731615100812A05 /* Supporting Files */ = {
			isa = PBXGroup;
			children = (
				E52FBB2B1731615100812A05 /* Hackathon-Info.plist */,
				E52FBB2C1731615100812A05 /* InfoPlist.strings */,
				E52FBB2F1731615100812A05 /* main.m */,
				E52FBB311731615100812A05 /* Hackathon-Prefix.pch */,
				E52FBB351731615100812A05 /* Default.png */,
				E52FBB371731615100812A05 /* Default@2x.png */,
				E52FBB391731615100812A05 /* Default-568h@2x.png */,
			);
			name = "Supporting Files";
			sourceTree = "<group>";
		};
/* End PBXGroup section */

/* Begin PBXNativeTarget section */
		E52FBB1F1731615100812A05 /* Hackathon */ = {
			isa = PBXNativeTarget;
			buildConfigurationList = E52FBB431731615100812A05 /* Build configuration list for PBXNativeTarget "Hackathon" */;
			buildPhases = (
				E52FBB1C1731615100812A05 /* Sources */,
				E52FBB1D1731615100812A05 /* Frameworks */,
				E52FBB1E1731615100812A05 /* Resources */,
			);
			buildRules = (
			);
			dependencies = (
			);
			name = Hackathon;
			productName = Hackathon;
			productReference = E52FBB201731615100812A05 /* Hackathon.app */;
			productType = "com.apple.product-type.application";
		};
/* End PBXNativeTarget section */

/* Begin PBXProject section */
		E52FBB181731615100812A05 /* Project object */ = {
			isa = PBXProject;
			attributes = {
				LastUpgradeCheck = 0460;
				ORGANIZATIONNAME = "Team Bazinga";
			};
			buildConfigurationList = E52FBB1B1731615100812A05 /* Build configuration list for PBXProject "Hackathon" */;
			compatibilityVersion = "Xcode 3.2";
			developmentRegion = English;
			hasScannedForEncodings = 0;
			knownRegions = (
				en,
			);
			mainGroup = E52FBB171731615100812A05;
			productRefGroup = E52FBB211731615100812A05 /* Products */;
			projectDirPath = "";
			projectRoot = "";
			targets = (
				E52FBB1F1731615100812A05 /* Hackathon */,
			);
		};
/* End PBXProject section */

/* Begin PBXResourcesBuildPhase section */
		E52FBB1E1731615100812A05 /* Resources */ = {
			isa = PBXResourcesBuildPhase;
			buildActionMask = 2147483647;
			files = (
				E52FBB2E1731615100812A05 /* InfoPlist.strings in Resources */,
				E52FBB361731615100812A05 /* Default.png in Resources */,
				E52FBB381731615100812A05 /* Default@2x.png in Resources */,
				E52FBB3A1731615100812A05 /* Default-568h@2x.png in Resources */,
				E52FBB3D1731615100812A05 /* MainStoryboard.storyboard in Resources */,
			);
			runOnlyForDeploymentPostprocessing = 0;
		};
/* End PBXResourcesBuildPhase section */

/* Begin PBXSourcesBuildPhase section */
		E52FBB1C1731615100812A05 /* Sources */ = {
			isa = PBXSourcesBuildPhase;
			buildActionMask = 2147483647;
			files = (
				E52FBB301731615100812A05 /* main.m in Sources */,
				E52FBB341731615100812A05 /* AppDelegate.m in Sources */,
				E52FBB401731615100812A05 /* ViewController.m in Sources */,
				90CE6C761733F2BA00C9797F /* GentEvent.m in Sources */,
				90CE6C791733F44900C9797F /* Contact.m in Sources */,
			);
			runOnlyForDeploymentPostprocessing = 0;
		};
/* End PBXSourcesBuildPhase section */

/* Begin PBXVariantGroup section */
		E52FBB2C1731615100812A05 /* InfoPlist.strings */ = {
			isa = PBXVariantGroup;
			children = (
				E52FBB2D1731615100812A05 /* en */,
			);
			name = InfoPlist.strings;
			sourceTree = "<group>";
		};
		E52FBB3B1731615100812A05 /* MainStoryboard.storyboard */ = {
			isa = PBXVariantGroup;
			children = (
				E52FBB3C1731615100812A05 /* en */,
			);
			name = MainStoryboard.storyboard;
			sourceTree = "<group>";
		};
/* End PBXVariantGroup section */

/* Begin XCBuildConfiguration section */
		E52FBB411731615100812A05 /* Debug */ = {
			isa = XCBuildConfiguration;
			buildSettings = {
				ALWAYS_SEARCH_USER_PATHS = NO;
				CLANG_CXX_LANGUAGE_STANDARD = "gnu++0x";
				CLANG_CXX_LIBRARY = "libc++";
				CLANG_ENABLE_OBJC_ARC = YES;
				CLANG_WARN_CONSTANT_CONVERSION = YES;
				CLANG_WARN_EMPTY_BODY = YES;
				CLANG_WARN_ENUM_CONVERSION = YES;
				CLANG_WARN_INT_CONVERSION = YES;
				CLANG_WARN__DUPLICATE_METHOD_MATCH = YES;
				"CODE_SIGN_IDENTITY[sdk=iphoneos*]" = "iPhone Developer";
				COPY_PHASE_STRIP = NO;
				GCC_C_LANGUAGE_STANDARD = gnu99;
				GCC_DYNAMIC_NO_PIC = NO;
				GCC_OPTIMIZATION_LEVEL = 0;
				GCC_PREPROCESSOR_DEFINITIONS = (
					"DEBUG=1",
					"$(inherited)",
				);
				GCC_SYMBOLS_PRIVATE_EXTERN = NO;
				GCC_WARN_ABOUT_RETURN_TYPE = YES;
				GCC_WARN_UNINITIALIZED_AUTOS = YES;
				GCC_WARN_UNUSED_VARIABLE = YES;
				IPHONEOS_DEPLOYMENT_TARGET = 6.1;
				ONLY_ACTIVE_ARCH = YES;
				SDKROOT = iphoneos;
			};
			name = Debug;
		};
		E52FBB421731615100812A05 /* Release */ = {
			isa = XCBuildConfiguration;
			buildSettings = {
				ALWAYS_SEARCH_USER_PATHS = NO;
				CLANG_CXX_LANGUAGE_STANDARD = "gnu++0x";
				CLANG_CXX_LIBRARY = "libc++";
				CLANG_ENABLE_OBJC_ARC = YES;
				CLANG_WARN_CONSTANT_CONVERSION = YES;
				CLANG_WARN_EMPTY_BODY = YES;
				CLANG_WARN_ENUM_CONVERSION = YES;
				CLANG_WARN_INT_CONVERSION = YES;
				CLANG_WARN__DUPLICATE_METHOD_MATCH = YES;
				"CODE_SIGN_IDENTITY[sdk=iphoneos*]" = "iPhone Developer";
				COPY_PHASE_STRIP = YES;
				GCC_C_LANGUAGE_STANDARD = gnu99;
				GCC_WARN_ABOUT_RETURN_TYPE = YES;
				GCC_WARN_UNINITIALIZED_AUTOS = YES;
				GCC_WARN_UNUSED_VARIABLE = YES;
				IPHONEOS_DEPLOYMENT_TARGET = 6.1;
				OTHER_CFLAGS = "-DNS_BLOCK_ASSERTIONS=1";
				SDKROOT = iphoneos;
				VALIDATE_PRODUCT = YES;
			};
			name = Release;
		};
		E52FBB441731615100812A05 /* Debug */ = {
			isa = XCBuildConfiguration;
			buildSettings = {
				GCC_PRECOMPILE_PREFIX_HEADER = YES;
				GCC_PREFIX_HEADER = "Hackathon/Hackathon-Prefix.pch";
				INFOPLIST_FILE = "Hackathon/Hackathon-Info.plist";
				PRODUCT_NAME = "$(TARGET_NAME)";
				WRAPPER_EXTENSION = app;
			};
			name = Debug;
		};
		E52FBB451731615100812A05 /* Release */ = {
			isa = XCBuildConfiguration;
			buildSettings = {
				GCC_PRECOMPILE_PREFIX_HEADER = YES;
				GCC_PREFIX_HEADER = "Hackathon/Hackathon-Prefix.pch";
				INFOPLIST_FILE = "Hackathon/Hackathon-Info.plist";
				PRODUCT_NAME = "$(TARGET_NAME)";
				WRAPPER_EXTENSION = app;
			};
			name = Release;
		};
/* End XCBuildConfiguration section */

/* Begin XCConfigurationList section */
		E52FBB1B1731615100812A05 /* Build configuration list for PBXProject "Hackathon" */ = {
			isa = XCConfigurationList;
			buildConfigurations = (
				E52FBB411731615100812A05 /* Debug */,
				E52FBB421731615100812A05 /* Release */,
			);
			defaultConfigurationIsVisible = 0;
			defaultConfigurationName = Release;
		};
		E52FBB431731615100812A05 /* Build configuration list for PBXNativeTarget "Hackathon" */ = {
			isa = XCConfigurationList;
			buildConfigurations = (
				E52FBB441731615100812A05 /* Debug */,
				E52FBB451731615100812A05 /* Release */,
			);
			defaultConfigurationIsVisible = 0;
			defaultConfigurationName = Release;
		};
/* End XCConfigurationList section */
	};
	rootObject = E52FBB181731615100812A05 /* Project object */;
}
